// !$*UTF8*$!
{
	archiveVersion = 1;
	classes = {
	};
	objectVersion = 56;
	objects = {

/* Begin PBXBuildFile section */
		C72F29BA2A872632009BE133 /* Alamofire in Frameworks */ = {isa = PBXBuildFile; productRef = C72F29B92A872632009BE133 /* Alamofire */; };
		C72F29BC2A872856009BE133 /* TrendListResponseDTO.swift in Sources */ = {isa = PBXBuildFile; fileRef = C72F29BB2A872856009BE133 /* TrendListResponseDTO.swift */; };
		C72F29BE2A8733E1009BE133 /* UIImageView+.swift in Sources */ = {isa = PBXBuildFile; fileRef = C72F29BD2A8733E1009BE133 /* UIImageView+.swift */; };
		C72F29C22A875EEB009BE133 /* DetailViewController.swift in Sources */ = {isa = PBXBuildFile; fileRef = C72F29C12A875EEB009BE133 /* DetailViewController.swift */; };
		C72F29C42A8771FE009BE133 /* DetailMedia.swift in Sources */ = {isa = PBXBuildFile; fileRef = C72F29C32A8771FE009BE133 /* DetailMedia.swift */; };
		C72F29CC2A878F5B009BE133 /* OverViewTableViewCell.swift in Sources */ = {isa = PBXBuildFile; fileRef = C72F29CA2A878F5B009BE133 /* OverViewTableViewCell.swift */; };
		C72F29CD2A878F5B009BE133 /* OverViewTableViewCell.xib in Resources */ = {isa = PBXBuildFile; fileRef = C72F29CB2A878F5B009BE133 /* OverViewTableViewCell.xib */; };
		C72F29D12A87E920009BE133 /* CastTableViewCell.swift in Sources */ = {isa = PBXBuildFile; fileRef = C72F29CF2A87E920009BE133 /* CastTableViewCell.swift */; };
		C72F29D22A87E920009BE133 /* CastTableViewCell.xib in Resources */ = {isa = PBXBuildFile; fileRef = C72F29D02A87E920009BE133 /* CastTableViewCell.xib */; };
		C72F29D72A8877F0009BE133 /* CacheManager.swift in Sources */ = {isa = PBXBuildFile; fileRef = C72F29D62A8877F0009BE133 /* CacheManager.swift */; };
		C72F2A0F2A8E3D36009BE133 /* TVSeriesViewController.swift in Sources */ = {isa = PBXBuildFile; fileRef = C72F2A0E2A8E3D36009BE133 /* TVSeriesViewController.swift */; };
		C72F2A132A8E40EA009BE133 /* TVSeriesHeaderUICollectionReusableView.swift in Sources */ = {isa = PBXBuildFile; fileRef = C72F2A112A8E40EA009BE133 /* TVSeriesHeaderUICollectionReusableView.swift */; };
		C72F2A142A8E40EA009BE133 /* TVSeriesHeaderUICollectionReusableView.xib in Resources */ = {isa = PBXBuildFile; fileRef = C72F2A122A8E40EA009BE133 /* TVSeriesHeaderUICollectionReusableView.xib */; };
		C72F2A162A8E46EE009BE133 /* ReusableIdentifier.swift in Sources */ = {isa = PBXBuildFile; fileRef = C72F2A152A8E46EE009BE133 /* ReusableIdentifier.swift */; };
		C72F2A1A2A8E48C1009BE133 /* TVSeriesCollectionViewCell.swift in Sources */ = {isa = PBXBuildFile; fileRef = C72F2A182A8E48C1009BE133 /* TVSeriesCollectionViewCell.swift */; };
		C72F2A1B2A8E48C1009BE133 /* TVSeriesCollectionViewCell.xib in Resources */ = {isa = PBXBuildFile; fileRef = C72F2A192A8E48C1009BE133 /* TVSeriesCollectionViewCell.xib */; };
		C72F2A1E2A8E5CC2009BE133 /* TVSeriesDetailSeasonCollectionViewCell.swift in Sources */ = {isa = PBXBuildFile; fileRef = C72F2A1C2A8E5CC2009BE133 /* TVSeriesDetailSeasonCollectionViewCell.swift */; };
		C72F2A1F2A8E5CC2009BE133 /* TVSeriesDetailSeasonCollectionViewCell.xib in Resources */ = {isa = PBXBuildFile; fileRef = C72F2A1D2A8E5CC2009BE133 /* TVSeriesDetailSeasonCollectionViewCell.xib */; };
		C72F2A762A95D802009BE133 /* MapViewController.swift in Sources */ = {isa = PBXBuildFile; fileRef = C72F2A752A95D802009BE133 /* MapViewController.swift */; };
		C72F2A792A95D90B009BE133 /* SnapKit in Frameworks */ = {isa = PBXBuildFile; productRef = C72F2A782A95D90B009BE133 /* SnapKit */; };
		C72F2A7B2A9621C9009BE133 /* Theater.swift in Sources */ = {isa = PBXBuildFile; fileRef = C72F2A7A2A9621C9009BE133 /* Theater.swift */; };
		C72F2A992A98F52B009BE133 /* IntroPageController.swift in Sources */ = {isa = PBXBuildFile; fileRef = C72F2A982A98F52B009BE133 /* IntroPageController.swift */; };
		C72F2A9C2A999E03009BE133 /* FirstPageViewController.swift in Sources */ = {isa = PBXBuildFile; fileRef = C72F2A9B2A999E03009BE133 /* FirstPageViewController.swift */; };
		C72F2A9E2A999E0D009BE133 /* SecondPageViewController.swift in Sources */ = {isa = PBXBuildFile; fileRef = C72F2A9D2A999E0D009BE133 /* SecondPageViewController.swift */; };
		C72F2AA12A99DF3A009BE133 /* UserDefaultRepository.swift in Sources */ = {isa = PBXBuildFile; fileRef = C72F2AA02A99DF3A009BE133 /* UserDefaultRepository.swift */; };
		C72F2ADD2A9C77FD009BE133 /* BaseViewController.swift in Sources */ = {isa = PBXBuildFile; fileRef = C72F2ADC2A9C77FD009BE133 /* BaseViewController.swift */; };
		C72F2ADF2A9C780E009BE133 /* BaseView.swift in Sources */ = {isa = PBXBuildFile; fileRef = C72F2ADE2A9C780E009BE133 /* BaseView.swift */; };
		C72F2AE12A9C7B8E009BE133 /* TrendListView.swift in Sources */ = {isa = PBXBuildFile; fileRef = C72F2AE02A9C7B8E009BE133 /* TrendListView.swift */; };
		C72F2AE32A9C8780009BE133 /* DetailView.swift in Sources */ = {isa = PBXBuildFile; fileRef = C72F2AE22A9C8780009BE133 /* DetailView.swift */; };
		C72F2AE62A9C89A9009BE133 /* HeaderView.swift in Sources */ = {isa = PBXBuildFile; fileRef = C72F2AE52A9C89A9009BE133 /* HeaderView.swift */; };
		C72F2B312A9E0C8F009BE133 /* ProfileViewController.swift in Sources */ = {isa = PBXBuildFile; fileRef = C72F2B302A9E0C8F009BE133 /* ProfileViewController.swift */; };
		C72F2B332A9E10A2009BE133 /* ProfileView.swift in Sources */ = {isa = PBXBuildFile; fileRef = C72F2B322A9E10A2009BE133 /* ProfileView.swift */; };
		C72F2B352A9E14C3009BE133 /* ProfileTableViewCell.swift in Sources */ = {isa = PBXBuildFile; fileRef = C72F2B342A9E14C3009BE133 /* ProfileTableViewCell.swift */; };
		C72F2B392A9F2C64009BE133 /* ProfileSettingViewController.swift in Sources */ = {isa = PBXBuildFile; fileRef = C72F2B382A9F2C64009BE133 /* ProfileSettingViewController.swift */; };
		C77BF5AE2A8669CE0077DFB7 /* AppDelegate.swift in Sources */ = {isa = PBXBuildFile; fileRef = C77BF5AD2A8669CE0077DFB7 /* AppDelegate.swift */; };
		C77BF5B02A8669CE0077DFB7 /* SceneDelegate.swift in Sources */ = {isa = PBXBuildFile; fileRef = C77BF5AF2A8669CE0077DFB7 /* SceneDelegate.swift */; };
		C77BF5B52A8669CE0077DFB7 /* Main.storyboard in Resources */ = {isa = PBXBuildFile; fileRef = C77BF5B32A8669CE0077DFB7 /* Main.storyboard */; };
		C77BF5B72A8669CF0077DFB7 /* Assets.xcassets in Resources */ = {isa = PBXBuildFile; fileRef = C77BF5B62A8669CF0077DFB7 /* Assets.xcassets */; };
		C77BF5BA2A8669CF0077DFB7 /* LaunchScreen.storyboard in Resources */ = {isa = PBXBuildFile; fileRef = C77BF5B82A8669CF0077DFB7 /* LaunchScreen.storyboard */; };
		C77BF5C22A8673F10077DFB7 /* TrendListViewController.swift in Sources */ = {isa = PBXBuildFile; fileRef = C77BF5C12A8673F10077DFB7 /* TrendListViewController.swift */; };
		C77BF5C72A8674910077DFB7 /* TrendListCollectionViewCell.swift in Sources */ = {isa = PBXBuildFile; fileRef = C77BF5C52A8674910077DFB7 /* TrendListCollectionViewCell.swift */; };
		C77BF5C82A8674910077DFB7 /* TrendListCollectionViewCell.xib in Resources */ = {isa = PBXBuildFile; fileRef = C77BF5C62A8674910077DFB7 /* TrendListCollectionViewCell.xib */; };
		C77BF5CA2A8675C10077DFB7 /* APIKey.swift in Sources */ = {isa = PBXBuildFile; fileRef = C77BF5C92A8675C10077DFB7 /* APIKey.swift */; };
		C7F4FCE32AA2F95E0076FB30 /* NetworkService.swift in Sources */ = {isa = PBXBuildFile; fileRef = C7F4FCE22AA2F95E0076FB30 /* NetworkService.swift */; };
		C7F4FCE82AA2FC8E0076FB30 /* EndPoint.swift in Sources */ = {isa = PBXBuildFile; fileRef = C7F4FCE72AA2FC8E0076FB30 /* EndPoint.swift */; };
		C7F4FCEA2AA2FC9D0076FB30 /* DataTransferService.swift in Sources */ = {isa = PBXBuildFile; fileRef = C7F4FCE92AA2FC9D0076FB30 /* DataTransferService.swift */; };
		C7F4FCEC2AA2FCDA0076FB30 /* NetworkConfiguration.swift in Sources */ = {isa = PBXBuildFile; fileRef = C7F4FCEB2AA2FCDA0076FB30 /* NetworkConfiguration.swift */; };
		C7F4FCF12AA30CF20076FB30 /* TMDBRepository.swift in Sources */ = {isa = PBXBuildFile; fileRef = C7F4FCF02AA30CF20076FB30 /* TMDBRepository.swift */; };
		C7F4FCF42AA30E6E0076FB30 /* TrendPage.swift in Sources */ = {isa = PBXBuildFile; fileRef = C7F4FCF32AA30E6E0076FB30 /* TrendPage.swift */; };
		C7F4FCF82AA335930076FB30 /* DefaultTMDBRepository.swift in Sources */ = {isa = PBXBuildFile; fileRef = C7F4FCF72AA335930076FB30 /* DefaultTMDBRepository.swift */; };
		C7F4FCFD2AA4CD970076FB30 /* APIEndpoints.swift in Sources */ = {isa = PBXBuildFile; fileRef = C7F4FCFC2AA4CD970076FB30 /* APIEndpoints.swift */; };
		C7F4FD002AA4CEAC0076FB30 /* TrendListRequestDTO.swift in Sources */ = {isa = PBXBuildFile; fileRef = C7F4FCFF2AA4CEAC0076FB30 /* TrendListRequestDTO.swift */; };
		C7F4FD032AA4FB940076FB30 /* TMDBTabBarViewController.swift in Sources */ = {isa = PBXBuildFile; fileRef = C7F4FD022AA4FB940076FB30 /* TMDBTabBarViewController.swift */; };
		C7F4FD062AA4FEE70076FB30 /* AppDIContainer.swift in Sources */ = {isa = PBXBuildFile; fileRef = C7F4FD052AA4FEE70076FB30 /* AppDIContainer.swift */; };
		C7F4FD162AA5AEDD0076FB30 /* SceneDIContainer.swift in Sources */ = {isa = PBXBuildFile; fileRef = C7F4FD152AA5AEDD0076FB30 /* SceneDIContainer.swift */; };
		C7F4FD182AA5EAC80076FB30 /* DetailMediaRequestDTO.swift in Sources */ = {isa = PBXBuildFile; fileRef = C7F4FD172AA5EAC80076FB30 /* DetailMediaRequestDTO.swift */; };
		C7F4FD1A2AA5EB8F0076FB30 /* DetailMediaResponseDTO.swift in Sources */ = {isa = PBXBuildFile; fileRef = C7F4FD192AA5EB8F0076FB30 /* DetailMediaResponseDTO.swift */; };
		C7F4FD1F2AA612F40076FB30 /* TVSeriesListRequestDTO.swift in Sources */ = {isa = PBXBuildFile; fileRef = C7F4FD1E2AA612F40076FB30 /* TVSeriesListRequestDTO.swift */; };
		C7F4FD212AA613020076FB30 /* TVSeriesListResponseDTO.swift in Sources */ = {isa = PBXBuildFile; fileRef = C7F4FD202AA613020076FB30 /* TVSeriesListResponseDTO.swift */; };
		C7F4FD242AA619760076FB30 /* TVSeries.swift in Sources */ = {isa = PBXBuildFile; fileRef = C7F4FD232AA619760076FB30 /* TVSeries.swift */; };
/* End PBXBuildFile section */

/* Begin PBXFileReference section */
		C72F29BB2A872856009BE133 /* TrendListResponseDTO.swift */ = {isa = PBXFileReference; lastKnownFileType = sourcecode.swift; path = TrendListResponseDTO.swift; sourceTree = "<group>"; };
		C72F29BD2A8733E1009BE133 /* UIImageView+.swift */ = {isa = PBXFileReference; lastKnownFileType = sourcecode.swift; path = "UIImageView+.swift"; sourceTree = "<group>"; };
		C72F29C12A875EEB009BE133 /* DetailViewController.swift */ = {isa = PBXFileReference; lastKnownFileType = sourcecode.swift; path = DetailViewController.swift; sourceTree = "<group>"; };
		C72F29C32A8771FE009BE133 /* DetailMedia.swift */ = {isa = PBXFileReference; lastKnownFileType = sourcecode.swift; path = DetailMedia.swift; sourceTree = "<group>"; };
		C72F29CA2A878F5B009BE133 /* OverViewTableViewCell.swift */ = {isa = PBXFileReference; lastKnownFileType = sourcecode.swift; path = OverViewTableViewCell.swift; sourceTree = "<group>"; };
		C72F29CB2A878F5B009BE133 /* OverViewTableViewCell.xib */ = {isa = PBXFileReference; lastKnownFileType = file.xib; path = OverViewTableViewCell.xib; sourceTree = "<group>"; };
		C72F29CF2A87E920009BE133 /* CastTableViewCell.swift */ = {isa = PBXFileReference; lastKnownFileType = sourcecode.swift; path = CastTableViewCell.swift; sourceTree = "<group>"; };
		C72F29D02A87E920009BE133 /* CastTableViewCell.xib */ = {isa = PBXFileReference; lastKnownFileType = file.xib; path = CastTableViewCell.xib; sourceTree = "<group>"; };
		C72F29D62A8877F0009BE133 /* CacheManager.swift */ = {isa = PBXFileReference; lastKnownFileType = sourcecode.swift; path = CacheManager.swift; sourceTree = "<group>"; };
		C72F2A0E2A8E3D36009BE133 /* TVSeriesViewController.swift */ = {isa = PBXFileReference; lastKnownFileType = sourcecode.swift; path = TVSeriesViewController.swift; sourceTree = "<group>"; };
		C72F2A112A8E40EA009BE133 /* TVSeriesHeaderUICollectionReusableView.swift */ = {isa = PBXFileReference; lastKnownFileType = sourcecode.swift; path = TVSeriesHeaderUICollectionReusableView.swift; sourceTree = "<group>"; };
		C72F2A122A8E40EA009BE133 /* TVSeriesHeaderUICollectionReusableView.xib */ = {isa = PBXFileReference; lastKnownFileType = file.xib; path = TVSeriesHeaderUICollectionReusableView.xib; sourceTree = "<group>"; };
		C72F2A152A8E46EE009BE133 /* ReusableIdentifier.swift */ = {isa = PBXFileReference; lastKnownFileType = sourcecode.swift; path = ReusableIdentifier.swift; sourceTree = "<group>"; };
		C72F2A182A8E48C1009BE133 /* TVSeriesCollectionViewCell.swift */ = {isa = PBXFileReference; lastKnownFileType = sourcecode.swift; path = TVSeriesCollectionViewCell.swift; sourceTree = "<group>"; };
		C72F2A192A8E48C1009BE133 /* TVSeriesCollectionViewCell.xib */ = {isa = PBXFileReference; lastKnownFileType = file.xib; path = TVSeriesCollectionViewCell.xib; sourceTree = "<group>"; };
		C72F2A1C2A8E5CC2009BE133 /* TVSeriesDetailSeasonCollectionViewCell.swift */ = {isa = PBXFileReference; lastKnownFileType = sourcecode.swift; path = TVSeriesDetailSeasonCollectionViewCell.swift; sourceTree = "<group>"; };
		C72F2A1D2A8E5CC2009BE133 /* TVSeriesDetailSeasonCollectionViewCell.xib */ = {isa = PBXFileReference; lastKnownFileType = file.xib; path = TVSeriesDetailSeasonCollectionViewCell.xib; sourceTree = "<group>"; };
		C72F2A752A95D802009BE133 /* MapViewController.swift */ = {isa = PBXFileReference; lastKnownFileType = sourcecode.swift; path = MapViewController.swift; sourceTree = "<group>"; };
		C72F2A7A2A9621C9009BE133 /* Theater.swift */ = {isa = PBXFileReference; lastKnownFileType = sourcecode.swift; path = Theater.swift; sourceTree = "<group>"; };
		C72F2A982A98F52B009BE133 /* IntroPageController.swift */ = {isa = PBXFileReference; lastKnownFileType = sourcecode.swift; path = IntroPageController.swift; sourceTree = "<group>"; };
		C72F2A9B2A999E03009BE133 /* FirstPageViewController.swift */ = {isa = PBXFileReference; lastKnownFileType = sourcecode.swift; path = FirstPageViewController.swift; sourceTree = "<group>"; };
		C72F2A9D2A999E0D009BE133 /* SecondPageViewController.swift */ = {isa = PBXFileReference; lastKnownFileType = sourcecode.swift; path = SecondPageViewController.swift; sourceTree = "<group>"; };
		C72F2AA02A99DF3A009BE133 /* UserDefaultRepository.swift */ = {isa = PBXFileReference; lastKnownFileType = sourcecode.swift; path = UserDefaultRepository.swift; sourceTree = "<group>"; };
		C72F2ADC2A9C77FD009BE133 /* BaseViewController.swift */ = {isa = PBXFileReference; lastKnownFileType = sourcecode.swift; path = BaseViewController.swift; sourceTree = "<group>"; };
		C72F2ADE2A9C780E009BE133 /* BaseView.swift */ = {isa = PBXFileReference; lastKnownFileType = sourcecode.swift; path = BaseView.swift; sourceTree = "<group>"; };
		C72F2AE02A9C7B8E009BE133 /* TrendListView.swift */ = {isa = PBXFileReference; lastKnownFileType = sourcecode.swift; path = TrendListView.swift; sourceTree = "<group>"; };
		C72F2AE22A9C8780009BE133 /* DetailView.swift */ = {isa = PBXFileReference; lastKnownFileType = sourcecode.swift; path = DetailView.swift; sourceTree = "<group>"; };
		C72F2AE52A9C89A9009BE133 /* HeaderView.swift */ = {isa = PBXFileReference; lastKnownFileType = sourcecode.swift; path = HeaderView.swift; sourceTree = "<group>"; };
		C72F2B302A9E0C8F009BE133 /* ProfileViewController.swift */ = {isa = PBXFileReference; lastKnownFileType = sourcecode.swift; path = ProfileViewController.swift; sourceTree = "<group>"; };
		C72F2B322A9E10A2009BE133 /* ProfileView.swift */ = {isa = PBXFileReference; lastKnownFileType = sourcecode.swift; path = ProfileView.swift; sourceTree = "<group>"; };
		C72F2B342A9E14C3009BE133 /* ProfileTableViewCell.swift */ = {isa = PBXFileReference; lastKnownFileType = sourcecode.swift; path = ProfileTableViewCell.swift; sourceTree = "<group>"; };
		C72F2B382A9F2C64009BE133 /* ProfileSettingViewController.swift */ = {isa = PBXFileReference; lastKnownFileType = sourcecode.swift; path = ProfileSettingViewController.swift; sourceTree = "<group>"; };
		C77BF5AA2A8669CE0077DFB7 /* TMDBMedia.app */ = {isa = PBXFileReference; explicitFileType = wrapper.application; includeInIndex = 0; path = TMDBMedia.app; sourceTree = BUILT_PRODUCTS_DIR; };
		C77BF5AD2A8669CE0077DFB7 /* AppDelegate.swift */ = {isa = PBXFileReference; lastKnownFileType = sourcecode.swift; path = AppDelegate.swift; sourceTree = "<group>"; };
		C77BF5AF2A8669CE0077DFB7 /* SceneDelegate.swift */ = {isa = PBXFileReference; lastKnownFileType = sourcecode.swift; path = SceneDelegate.swift; sourceTree = "<group>"; };
		C77BF5B42A8669CE0077DFB7 /* Base */ = {isa = PBXFileReference; lastKnownFileType = file.storyboard; name = Base; path = Base.lproj/Main.storyboard; sourceTree = "<group>"; };
		C77BF5B62A8669CF0077DFB7 /* Assets.xcassets */ = {isa = PBXFileReference; lastKnownFileType = folder.assetcatalog; path = Assets.xcassets; sourceTree = "<group>"; };
		C77BF5B92A8669CF0077DFB7 /* Base */ = {isa = PBXFileReference; lastKnownFileType = file.storyboard; name = Base; path = Base.lproj/LaunchScreen.storyboard; sourceTree = "<group>"; };
		C77BF5BB2A8669CF0077DFB7 /* Info.plist */ = {isa = PBXFileReference; lastKnownFileType = text.plist.xml; path = Info.plist; sourceTree = "<group>"; };
		C77BF5C12A8673F10077DFB7 /* TrendListViewController.swift */ = {isa = PBXFileReference; lastKnownFileType = sourcecode.swift; path = TrendListViewController.swift; sourceTree = "<group>"; };
		C77BF5C52A8674910077DFB7 /* TrendListCollectionViewCell.swift */ = {isa = PBXFileReference; lastKnownFileType = sourcecode.swift; path = TrendListCollectionViewCell.swift; sourceTree = "<group>"; };
		C77BF5C62A8674910077DFB7 /* TrendListCollectionViewCell.xib */ = {isa = PBXFileReference; lastKnownFileType = file.xib; path = TrendListCollectionViewCell.xib; sourceTree = "<group>"; };
		C77BF5C92A8675C10077DFB7 /* APIKey.swift */ = {isa = PBXFileReference; lastKnownFileType = sourcecode.swift; path = APIKey.swift; sourceTree = "<group>"; };
		C7F4FCE22AA2F95E0076FB30 /* NetworkService.swift */ = {isa = PBXFileReference; lastKnownFileType = sourcecode.swift; path = NetworkService.swift; sourceTree = "<group>"; };
		C7F4FCE72AA2FC8E0076FB30 /* EndPoint.swift */ = {isa = PBXFileReference; lastKnownFileType = sourcecode.swift; path = EndPoint.swift; sourceTree = "<group>"; };
		C7F4FCE92AA2FC9D0076FB30 /* DataTransferService.swift */ = {isa = PBXFileReference; lastKnownFileType = sourcecode.swift; path = DataTransferService.swift; sourceTree = "<group>"; };
		C7F4FCEB2AA2FCDA0076FB30 /* NetworkConfiguration.swift */ = {isa = PBXFileReference; lastKnownFileType = sourcecode.swift; path = NetworkConfiguration.swift; sourceTree = "<group>"; };
		C7F4FCF02AA30CF20076FB30 /* TMDBRepository.swift */ = {isa = PBXFileReference; lastKnownFileType = sourcecode.swift; path = TMDBRepository.swift; sourceTree = "<group>"; };
		C7F4FCF32AA30E6E0076FB30 /* TrendPage.swift */ = {isa = PBXFileReference; lastKnownFileType = sourcecode.swift; path = TrendPage.swift; sourceTree = "<group>"; };
		C7F4FCF72AA335930076FB30 /* DefaultTMDBRepository.swift */ = {isa = PBXFileReference; lastKnownFileType = sourcecode.swift; path = DefaultTMDBRepository.swift; sourceTree = "<group>"; };
		C7F4FCFC2AA4CD970076FB30 /* APIEndpoints.swift */ = {isa = PBXFileReference; lastKnownFileType = sourcecode.swift; path = APIEndpoints.swift; sourceTree = "<group>"; };
		C7F4FCFF2AA4CEAC0076FB30 /* TrendListRequestDTO.swift */ = {isa = PBXFileReference; lastKnownFileType = sourcecode.swift; path = TrendListRequestDTO.swift; sourceTree = "<group>"; };
		C7F4FD022AA4FB940076FB30 /* TMDBTabBarViewController.swift */ = {isa = PBXFileReference; lastKnownFileType = sourcecode.swift; path = TMDBTabBarViewController.swift; sourceTree = "<group>"; };
		C7F4FD052AA4FEE70076FB30 /* AppDIContainer.swift */ = {isa = PBXFileReference; lastKnownFileType = sourcecode.swift; path = AppDIContainer.swift; sourceTree = "<group>"; };
		C7F4FD152AA5AEDD0076FB30 /* SceneDIContainer.swift */ = {isa = PBXFileReference; lastKnownFileType = sourcecode.swift; path = SceneDIContainer.swift; sourceTree = "<group>"; };
		C7F4FD172AA5EAC80076FB30 /* DetailMediaRequestDTO.swift */ = {isa = PBXFileReference; lastKnownFileType = sourcecode.swift; path = DetailMediaRequestDTO.swift; sourceTree = "<group>"; };
		C7F4FD192AA5EB8F0076FB30 /* DetailMediaResponseDTO.swift */ = {isa = PBXFileReference; lastKnownFileType = sourcecode.swift; path = DetailMediaResponseDTO.swift; sourceTree = "<group>"; };
		C7F4FD1E2AA612F40076FB30 /* TVSeriesListRequestDTO.swift */ = {isa = PBXFileReference; lastKnownFileType = sourcecode.swift; path = TVSeriesListRequestDTO.swift; sourceTree = "<group>"; };
		C7F4FD202AA613020076FB30 /* TVSeriesListResponseDTO.swift */ = {isa = PBXFileReference; lastKnownFileType = sourcecode.swift; path = TVSeriesListResponseDTO.swift; sourceTree = "<group>"; };
		C7F4FD232AA619760076FB30 /* TVSeries.swift */ = {isa = PBXFileReference; lastKnownFileType = sourcecode.swift; path = TVSeries.swift; sourceTree = "<group>"; };
/* End PBXFileReference section */

/* Begin PBXFrameworksBuildPhase section */
		C77BF5A72A8669CE0077DFB7 /* Frameworks */ = {
			isa = PBXFrameworksBuildPhase;
			buildActionMask = 2147483647;
			files = (
				C72F29BA2A872632009BE133 /* Alamofire in Frameworks */,
				C72F2A792A95D90B009BE133 /* SnapKit in Frameworks */,
			);
			runOnlyForDeploymentPostprocessing = 0;
		};
/* End PBXFrameworksBuildPhase section */

/* Begin PBXGroup section */
		C72F29BF2A875EB3009BE133 /* Detail */ = {
			isa = PBXGroup;
			children = (
				C72F29CE2A87E90D009BE133 /* CasrCell */,
				C72F29C52A877A7B009BE133 /* OverViewCell */,
				C72F2AE42A9C899D009BE133 /* HeaderView */,
				C72F29C12A875EEB009BE133 /* DetailViewController.swift */,
				C72F2AE22A9C8780009BE133 /* DetailView.swift */,
			);
			path = Detail;
			sourceTree = "<group>";
		};
		C72F29C52A877A7B009BE133 /* OverViewCell */ = {
			isa = PBXGroup;
			children = (
				C72F29CA2A878F5B009BE133 /* OverViewTableViewCell.swift */,
				C72F29CB2A878F5B009BE133 /* OverViewTableViewCell.xib */,
			);
			path = OverViewCell;
			sourceTree = "<group>";
		};
		C72F29CE2A87E90D009BE133 /* CasrCell */ = {
			isa = PBXGroup;
			children = (
				C72F29CF2A87E920009BE133 /* CastTableViewCell.swift */,
				C72F29D02A87E920009BE133 /* CastTableViewCell.xib */,
			);
			path = CasrCell;
			sourceTree = "<group>";
		};
		C72F29D42A88766E009BE133 /* Extension */ = {
			isa = PBXGroup;
			children = (
				C72F29BD2A8733E1009BE133 /* UIImageView+.swift */,
			);
			path = Extension;
			sourceTree = "<group>";
		};
		C72F29D52A8877DC009BE133 /* Manager */ = {
			isa = PBXGroup;
			children = (
				C72F29D62A8877F0009BE133 /* CacheManager.swift */,
			);
			path = Manager;
			sourceTree = "<group>";
		};
		C72F29D82A887C6B009BE133 /* App */ = {
			isa = PBXGroup;
			children = (
				C77BF5AD2A8669CE0077DFB7 /* AppDelegate.swift */,
				C77BF5AF2A8669CE0077DFB7 /* SceneDelegate.swift */,
			);
			path = App;
			sourceTree = "<group>";
		};
		C72F2A0D2A8E3D23009BE133 /* TVSeries */ = {
			isa = PBXGroup;
			children = (
				C72F2A172A8E48AD009BE133 /* Cell */,
				C72F2A102A8E4093009BE133 /* ReusableView */,
				C72F2A0E2A8E3D36009BE133 /* TVSeriesViewController.swift */,
			);
			path = TVSeries;
			sourceTree = "<group>";
		};
		C72F2A102A8E4093009BE133 /* ReusableView */ = {
			isa = PBXGroup;
			children = (
				C72F2A112A8E40EA009BE133 /* TVSeriesHeaderUICollectionReusableView.swift */,
				C72F2A122A8E40EA009BE133 /* TVSeriesHeaderUICollectionReusableView.xib */,
			);
			path = ReusableView;
			sourceTree = "<group>";
		};
		C72F2A172A8E48AD009BE133 /* Cell */ = {
			isa = PBXGroup;
			children = (
				C72F2A182A8E48C1009BE133 /* TVSeriesCollectionViewCell.swift */,
				C72F2A192A8E48C1009BE133 /* TVSeriesCollectionViewCell.xib */,
				C72F2A1C2A8E5CC2009BE133 /* TVSeriesDetailSeasonCollectionViewCell.swift */,
				C72F2A1D2A8E5CC2009BE133 /* TVSeriesDetailSeasonCollectionViewCell.xib */,
			);
			path = Cell;
			sourceTree = "<group>";
		};
		C72F2A742A95D7E7009BE133 /* Map */ = {
			isa = PBXGroup;
			children = (
				C72F2A752A95D802009BE133 /* MapViewController.swift */,
				C72F2A7A2A9621C9009BE133 /* Theater.swift */,
			);
			path = Map;
			sourceTree = "<group>";
		};
		C72F2A972A98F516009BE133 /* Intro */ = {
			isa = PBXGroup;
			children = (
				C72F2A9A2A98FF0F009BE133 /* IntroPage */,
				C72F2A982A98F52B009BE133 /* IntroPageController.swift */,
			);
			path = Intro;
			sourceTree = "<group>";
		};
		C72F2A9A2A98FF0F009BE133 /* IntroPage */ = {
			isa = PBXGroup;
			children = (
				C72F2A9B2A999E03009BE133 /* FirstPageViewController.swift */,
				C72F2A9D2A999E0D009BE133 /* SecondPageViewController.swift */,
			);
			path = IntroPage;
			sourceTree = "<group>";
		};
		C72F2A9F2A99DF29009BE133 /* UserDefaults */ = {
			isa = PBXGroup;
			children = (
				C72F2AA02A99DF3A009BE133 /* UserDefaultRepository.swift */,
			);
			path = UserDefaults;
			sourceTree = "<group>";
		};
		C72F2ADA2A9C763F009BE133 /* Presentation */ = {
			isa = PBXGroup;
			children = (
				C7F4FD012AA4FB740076FB30 /* TabBar */,
				C72F29D42A88766E009BE133 /* Extension */,
				C72F2A972A98F516009BE133 /* Intro */,
				C72F2B2F2A9E0C84009BE133 /* Profile */,
				C72F2ADB2A9C76F3009BE133 /* Base */,
				C72F2A742A95D7E7009BE133 /* Map */,
				C72F2A0D2A8E3D23009BE133 /* TVSeries */,
				C77BF5C32A8674720077DFB7 /* TrendList */,
				C72F29BF2A875EB3009BE133 /* Detail */,
			);
			path = Presentation;
			sourceTree = "<group>";
		};
		C72F2ADB2A9C76F3009BE133 /* Base */ = {
			isa = PBXGroup;
			children = (
				C72F2ADC2A9C77FD009BE133 /* BaseViewController.swift */,
				C72F2ADE2A9C780E009BE133 /* BaseView.swift */,
			);
			path = Base;
			sourceTree = "<group>";
		};
		C72F2AE42A9C899D009BE133 /* HeaderView */ = {
			isa = PBXGroup;
			children = (
				C72F2AE52A9C89A9009BE133 /* HeaderView.swift */,
			);
			path = HeaderView;
			sourceTree = "<group>";
		};
		C72F2B2F2A9E0C84009BE133 /* Profile */ = {
			isa = PBXGroup;
			children = (
				C72F2B302A9E0C8F009BE133 /* ProfileViewController.swift */,
				C72F2B322A9E10A2009BE133 /* ProfileView.swift */,
				C72F2B342A9E14C3009BE133 /* ProfileTableViewCell.swift */,
				C72F2B382A9F2C64009BE133 /* ProfileSettingViewController.swift */,
			);
			path = Profile;
			sourceTree = "<group>";
		};
		C77BF5A12A8669CE0077DFB7 = {
			isa = PBXGroup;
			children = (
				C77BF5AC2A8669CE0077DFB7 /* TMDBMedia */,
				C77BF5AB2A8669CE0077DFB7 /* Products */,
			);
			sourceTree = "<group>";
		};
		C77BF5AB2A8669CE0077DFB7 /* Products */ = {
			isa = PBXGroup;
			children = (
				C77BF5AA2A8669CE0077DFB7 /* TMDBMedia.app */,
			);
			name = Products;
			sourceTree = "<group>";
		};
		C77BF5AC2A8669CE0077DFB7 /* TMDBMedia */ = {
			isa = PBXGroup;
			children = (
				C7F4FD082AA500D40076FB30 /* API */,
				C7F4FD042AA4FEDC0076FB30 /* DI */,
				C72F29D82A887C6B009BE133 /* App */,
				C7F4FCF62AA335290076FB30 /* Data */,
				C7F4FCED2AA30BE20076FB30 /* Domain */,
				C7F4FCE12AA2F8B90076FB30 /* Network */,
				C72F2ADA2A9C763F009BE133 /* Presentation */,
				C72F2A9F2A99DF29009BE133 /* UserDefaults */,
				C72F29D52A8877DC009BE133 /* Manager */,
				C77BF5B32A8669CE0077DFB7 /* Main.storyboard */,
				C77BF5B62A8669CF0077DFB7 /* Assets.xcassets */,
				C77BF5B82A8669CF0077DFB7 /* LaunchScreen.storyboard */,
				C77BF5BB2A8669CF0077DFB7 /* Info.plist */,
				C72F2A152A8E46EE009BE133 /* ReusableIdentifier.swift */,
			);
			path = TMDBMedia;
			sourceTree = "<group>";
		};
		C77BF5C32A8674720077DFB7 /* TrendList */ = {
			isa = PBXGroup;
			children = (
				C77BF5C42A8674790077DFB7 /* Cell */,
				C77BF5C12A8673F10077DFB7 /* TrendListViewController.swift */,
				C72F2AE02A9C7B8E009BE133 /* TrendListView.swift */,
			);
			path = TrendList;
			sourceTree = "<group>";
		};
		C77BF5C42A8674790077DFB7 /* Cell */ = {
			isa = PBXGroup;
			children = (
				C77BF5C52A8674910077DFB7 /* TrendListCollectionViewCell.swift */,
				C77BF5C62A8674910077DFB7 /* TrendListCollectionViewCell.xib */,
			);
			path = Cell;
			sourceTree = "<group>";
		};
		C7F4FCE12AA2F8B90076FB30 /* Network */ = {
			isa = PBXGroup;
			children = (
				C7F4FCE22AA2F95E0076FB30 /* NetworkService.swift */,
				C7F4FCE72AA2FC8E0076FB30 /* EndPoint.swift */,
				C7F4FCE92AA2FC9D0076FB30 /* DataTransferService.swift */,
				C7F4FCEB2AA2FCDA0076FB30 /* NetworkConfiguration.swift */,
			);
			path = Network;
			sourceTree = "<group>";
		};
		C7F4FCED2AA30BE20076FB30 /* Domain */ = {
			isa = PBXGroup;
			children = (
				C7F4FCF22AA30E650076FB30 /* Entities */,
				C7F4FCEF2AA30CA50076FB30 /* Repositories */,
			);
			path = Domain;
			sourceTree = "<group>";
		};
		C7F4FCEF2AA30CA50076FB30 /* Repositories */ = {
			isa = PBXGroup;
			children = (
				C7F4FCF02AA30CF20076FB30 /* TMDBRepository.swift */,
			);
			path = Repositories;
			sourceTree = "<group>";
		};
		C7F4FCF22AA30E650076FB30 /* Entities */ = {
			isa = PBXGroup;
			children = (
				C72F29C32A8771FE009BE133 /* DetailMedia.swift */,
				C7F4FCF32AA30E6E0076FB30 /* TrendPage.swift */,
				C7F4FD232AA619760076FB30 /* TVSeries.swift */,
			);
			path = Entities;
			sourceTree = "<group>";
		};
		C7F4FCF62AA335290076FB30 /* Data */ = {
			isa = PBXGroup;
			children = (
				C7F4FCFE2AA4CE7E0076FB30 /* DTO */,
				C7F4FCFB2AA4CD750076FB30 /* Endpoints */,
				C7F4FCFA2AA4C86D0076FB30 /* Repositories */,
			);
			path = Data;
			sourceTree = "<group>";
		};
		C7F4FCFA2AA4C86D0076FB30 /* Repositories */ = {
			isa = PBXGroup;
			children = (
				C7F4FCF72AA335930076FB30 /* DefaultTMDBRepository.swift */,
			);
			path = Repositories;
			sourceTree = "<group>";
		};
		C7F4FCFB2AA4CD750076FB30 /* Endpoints */ = {
			isa = PBXGroup;
			children = (
				C7F4FCFC2AA4CD970076FB30 /* APIEndpoints.swift */,
			);
			path = Endpoints;
			sourceTree = "<group>";
		};
		C7F4FCFE2AA4CE7E0076FB30 /* DTO */ = {
			isa = PBXGroup;
			children = (
				C7F4FD1D2AA611FF0076FB30 /* TVSeries */,
				C7F4FD1C2AA609830076FB30 /* DetailMedia */,
				C7F4FD1B2AA6097B0076FB30 /* TrendList */,
			);
			path = DTO;
			sourceTree = "<group>";
		};
		C7F4FD012AA4FB740076FB30 /* TabBar */ = {
			isa = PBXGroup;
			children = (
				C7F4FD022AA4FB940076FB30 /* TMDBTabBarViewController.swift */,
			);
			path = TabBar;
			sourceTree = "<group>";
		};
		C7F4FD042AA4FEDC0076FB30 /* DI */ = {
			isa = PBXGroup;
			children = (
				C7F4FD052AA4FEE70076FB30 /* AppDIContainer.swift */,
				C7F4FD152AA5AEDD0076FB30 /* SceneDIContainer.swift */,
			);
			path = DI;
			sourceTree = "<group>";
		};
		C7F4FD082AA500D40076FB30 /* API */ = {
			isa = PBXGroup;
			children = (
				C77BF5C92A8675C10077DFB7 /* APIKey.swift */,
			);
			path = API;
			sourceTree = "<group>";
		};
		C7F4FD1B2AA6097B0076FB30 /* TrendList */ = {
			isa = PBXGroup;
			children = (
				C72F29BB2A872856009BE133 /* TrendListResponseDTO.swift */,
				C7F4FCFF2AA4CEAC0076FB30 /* TrendListRequestDTO.swift */,
			);
			path = TrendList;
			sourceTree = "<group>";
		};
		C7F4FD1C2AA609830076FB30 /* DetailMedia */ = {
			isa = PBXGroup;
			children = (
				C7F4FD172AA5EAC80076FB30 /* DetailMediaRequestDTO.swift */,
				C7F4FD192AA5EB8F0076FB30 /* DetailMediaResponseDTO.swift */,
			);
			path = DetailMedia;
			sourceTree = "<group>";
		};
		C7F4FD1D2AA611FF0076FB30 /* TVSeries */ = {
			isa = PBXGroup;
			children = (
				C7F4FD1E2AA612F40076FB30 /* TVSeriesListRequestDTO.swift */,
				C7F4FD202AA613020076FB30 /* TVSeriesListResponseDTO.swift */,
			);
			path = TVSeries;
			sourceTree = "<group>";
		};
/* End PBXGroup section */

/* Begin PBXNativeTarget section */
		C77BF5A92A8669CE0077DFB7 /* TMDBMedia */ = {
			isa = PBXNativeTarget;
			buildConfigurationList = C77BF5BE2A8669CF0077DFB7 /* Build configuration list for PBXNativeTarget "TMDBMedia" */;
			buildPhases = (
				C77BF5A62A8669CE0077DFB7 /* Sources */,
				C77BF5A72A8669CE0077DFB7 /* Frameworks */,
				C77BF5A82A8669CE0077DFB7 /* Resources */,
			);
			buildRules = (
			);
			dependencies = (
			);
			name = TMDBMedia;
			packageProductDependencies = (
				C72F29B92A872632009BE133 /* Alamofire */,
				C72F2A782A95D90B009BE133 /* SnapKit */,
			);
			productName = TMDBMedia;
			productReference = C77BF5AA2A8669CE0077DFB7 /* TMDBMedia.app */;
			productType = "com.apple.product-type.application";
		};
/* End PBXNativeTarget section */

/* Begin PBXProject section */
		C77BF5A22A8669CE0077DFB7 /* Project object */ = {
			isa = PBXProject;
			attributes = {
				BuildIndependentTargetsInParallel = 1;
				LastSwiftUpdateCheck = 1430;
				LastUpgradeCheck = 1430;
				TargetAttributes = {
					C77BF5A92A8669CE0077DFB7 = {
						CreatedOnToolsVersion = 14.3.1;
					};
				};
			};
			buildConfigurationList = C77BF5A52A8669CE0077DFB7 /* Build configuration list for PBXProject "TMDBMedia" */;
			compatibilityVersion = "Xcode 14.0";
			developmentRegion = en;
			hasScannedForEncodings = 0;
			knownRegions = (
				en,
				Base,
			);
			mainGroup = C77BF5A12A8669CE0077DFB7;
			packageReferences = (
				C72F29B82A872632009BE133 /* XCRemoteSwiftPackageReference "Alamofire" */,
				C72F2A772A95D90B009BE133 /* XCRemoteSwiftPackageReference "SnapKit" */,
			);
			productRefGroup = C77BF5AB2A8669CE0077DFB7 /* Products */;
			projectDirPath = "";
			projectRoot = "";
			targets = (
				C77BF5A92A8669CE0077DFB7 /* TMDBMedia */,
			);
		};
/* End PBXProject section */

/* Begin PBXResourcesBuildPhase section */
		C77BF5A82A8669CE0077DFB7 /* Resources */ = {
			isa = PBXResourcesBuildPhase;
			buildActionMask = 2147483647;
			files = (
				C77BF5C82A8674910077DFB7 /* TrendListCollectionViewCell.xib in Resources */,
				C77BF5BA2A8669CF0077DFB7 /* LaunchScreen.storyboard in Resources */,
				C72F2A1F2A8E5CC2009BE133 /* TVSeriesDetailSeasonCollectionViewCell.xib in Resources */,
				C72F29D22A87E920009BE133 /* CastTableViewCell.xib in Resources */,
				C72F2A1B2A8E48C1009BE133 /* TVSeriesCollectionViewCell.xib in Resources */,
				C72F29CD2A878F5B009BE133 /* OverViewTableViewCell.xib in Resources */,
				C77BF5B72A8669CF0077DFB7 /* Assets.xcassets in Resources */,
				C77BF5B52A8669CE0077DFB7 /* Main.storyboard in Resources */,
				C72F2A142A8E40EA009BE133 /* TVSeriesHeaderUICollectionReusableView.xib in Resources */,
			);
			runOnlyForDeploymentPostprocessing = 0;
		};
/* End PBXResourcesBuildPhase section */

/* Begin PBXSourcesBuildPhase section */
		C77BF5A62A8669CE0077DFB7 /* Sources */ = {
			isa = PBXSourcesBuildPhase;
			buildActionMask = 2147483647;
			files = (
				C7F4FD1A2AA5EB8F0076FB30 /* DetailMediaResponseDTO.swift in Sources */,
				C7F4FCF42AA30E6E0076FB30 /* TrendPage.swift in Sources */,
				C77BF5C72A8674910077DFB7 /* TrendListCollectionViewCell.swift in Sources */,
				C72F2ADF2A9C780E009BE133 /* BaseView.swift in Sources */,
				C72F2A0F2A8E3D36009BE133 /* TVSeriesViewController.swift in Sources */,
				C72F2A9C2A999E03009BE133 /* FirstPageViewController.swift in Sources */,
				C72F2A992A98F52B009BE133 /* IntroPageController.swift in Sources */,
				C77BF5C22A8673F10077DFB7 /* TrendListViewController.swift in Sources */,
				C72F29C42A8771FE009BE133 /* DetailMedia.swift in Sources */,
				C72F29BE2A8733E1009BE133 /* UIImageView+.swift in Sources */,
				C72F2A1A2A8E48C1009BE133 /* TVSeriesCollectionViewCell.swift in Sources */,
				C72F2B352A9E14C3009BE133 /* ProfileTableViewCell.swift in Sources */,
				C7F4FCEC2AA2FCDA0076FB30 /* NetworkConfiguration.swift in Sources */,
				C7F4FD1F2AA612F40076FB30 /* TVSeriesListRequestDTO.swift in Sources */,
				C72F2A762A95D802009BE133 /* MapViewController.swift in Sources */,
				C72F29D72A8877F0009BE133 /* CacheManager.swift in Sources */,
				C7F4FCFD2AA4CD970076FB30 /* APIEndpoints.swift in Sources */,
				C72F2B312A9E0C8F009BE133 /* ProfileViewController.swift in Sources */,
				C7F4FD162AA5AEDD0076FB30 /* SceneDIContainer.swift in Sources */,
				C7F4FD062AA4FEE70076FB30 /* AppDIContainer.swift in Sources */,
				C72F2A7B2A9621C9009BE133 /* Theater.swift in Sources */,
				C72F2AE12A9C7B8E009BE133 /* TrendListView.swift in Sources */,
				C72F2B392A9F2C64009BE133 /* ProfileSettingViewController.swift in Sources */,
				C72F29BC2A872856009BE133 /* TrendListResponseDTO.swift in Sources */,
				C77BF5AE2A8669CE0077DFB7 /* AppDelegate.swift in Sources */,
				C7F4FCE32AA2F95E0076FB30 /* NetworkService.swift in Sources */,
				C72F2A162A8E46EE009BE133 /* ReusableIdentifier.swift in Sources */,
				C72F2B332A9E10A2009BE133 /* ProfileView.swift in Sources */,
				C72F2AE32A9C8780009BE133 /* DetailView.swift in Sources */,
				C7F4FCE82AA2FC8E0076FB30 /* EndPoint.swift in Sources */,
				C7F4FD182AA5EAC80076FB30 /* DetailMediaRequestDTO.swift in Sources */,
				C72F2A9E2A999E0D009BE133 /* SecondPageViewController.swift in Sources */,
				C7F4FCEA2AA2FC9D0076FB30 /* DataTransferService.swift in Sources */,
				C72F2A1E2A8E5CC2009BE133 /* TVSeriesDetailSeasonCollectionViewCell.swift in Sources */,
				C72F2AE62A9C89A9009BE133 /* HeaderView.swift in Sources */,
				C7F4FD212AA613020076FB30 /* TVSeriesListResponseDTO.swift in Sources */,
				C72F29D12A87E920009BE133 /* CastTableViewCell.swift in Sources */,
				C72F2AA12A99DF3A009BE133 /* UserDefaultRepository.swift in Sources */,
				C72F29CC2A878F5B009BE133 /* OverViewTableViewCell.swift in Sources */,
				C7F4FD032AA4FB940076FB30 /* TMDBTabBarViewController.swift in Sources */,
				C72F2ADD2A9C77FD009BE133 /* BaseViewController.swift in Sources */,
				C77BF5B02A8669CE0077DFB7 /* SceneDelegate.swift in Sources */,
				C72F2A132A8E40EA009BE133 /* TVSeriesHeaderUICollectionReusableView.swift in Sources */,
				C7F4FCF82AA335930076FB30 /* DefaultTMDBRepository.swift in Sources */,
				C7F4FD002AA4CEAC0076FB30 /* TrendListRequestDTO.swift in Sources */,
				C7F4FCF12AA30CF20076FB30 /* TMDBRepository.swift in Sources */,
				C77BF5CA2A8675C10077DFB7 /* APIKey.swift in Sources */,
				C7F4FD242AA619760076FB30 /* TVSeries.swift in Sources */,
				C72F29C22A875EEB009BE133 /* DetailViewController.swift in Sources */,
			);
			runOnlyForDeploymentPostprocessing = 0;
		};
/* End PBXSourcesBuildPhase section */

/* Begin PBXVariantGroup section */
		C77BF5B32A8669CE0077DFB7 /* Main.storyboard */ = {
			isa = PBXVariantGroup;
			children = (
				C77BF5B42A8669CE0077DFB7 /* Base */,
			);
			name = Main.storyboard;
			sourceTree = "<group>";
		};
		C77BF5B82A8669CF0077DFB7 /* LaunchScreen.storyboard */ = {
			isa = PBXVariantGroup;
			children = (
				C77BF5B92A8669CF0077DFB7 /* Base */,
			);
			name = LaunchScreen.storyboard;
			sourceTree = "<group>";
		};
/* End PBXVariantGroup section */

/* Begin XCBuildConfiguration section */
		C77BF5BC2A8669CF0077DFB7 /* Debug */ = {
			isa = XCBuildConfiguration;
			buildSettings = {
				ALWAYS_SEARCH_USER_PATHS = NO;
				CLANG_ANALYZER_NONNULL = YES;
				CLANG_ANALYZER_NUMBER_OBJECT_CONVERSION = YES_AGGRESSIVE;
				CLANG_CXX_LANGUAGE_STANDARD = "gnu++20";
				CLANG_ENABLE_MODULES = YES;
				CLANG_ENABLE_OBJC_ARC = YES;
				CLANG_ENABLE_OBJC_WEAK = YES;
				CLANG_WARN_BLOCK_CAPTURE_AUTORELEASING = YES;
				CLANG_WARN_BOOL_CONVERSION = YES;
				CLANG_WARN_COMMA = YES;
				CLANG_WARN_CONSTANT_CONVERSION = YES;
				CLANG_WARN_DEPRECATED_OBJC_IMPLEMENTATIONS = YES;
				CLANG_WARN_DIRECT_OBJC_ISA_USAGE = YES_ERROR;
				CLANG_WARN_DOCUMENTATION_COMMENTS = YES;
				CLANG_WARN_EMPTY_BODY = YES;
				CLANG_WARN_ENUM_CONVERSION = YES;
				CLANG_WARN_INFINITE_RECURSION = YES;
				CLANG_WARN_INT_CONVERSION = YES;
				CLANG_WARN_NON_LITERAL_NULL_CONVERSION = YES;
				CLANG_WARN_OBJC_IMPLICIT_RETAIN_SELF = YES;
				CLANG_WARN_OBJC_LITERAL_CONVERSION = YES;
				CLANG_WARN_OBJC_ROOT_CLASS = YES_ERROR;
				CLANG_WARN_QUOTED_INCLUDE_IN_FRAMEWORK_HEADER = YES;
				CLANG_WARN_RANGE_LOOP_ANALYSIS = YES;
				CLANG_WARN_STRICT_PROTOTYPES = YES;
				CLANG_WARN_SUSPICIOUS_MOVE = YES;
				CLANG_WARN_UNGUARDED_AVAILABILITY = YES_AGGRESSIVE;
				CLANG_WARN_UNREACHABLE_CODE = YES;
				CLANG_WARN__DUPLICATE_METHOD_MATCH = YES;
				COPY_PHASE_STRIP = NO;
				DEBUG_INFORMATION_FORMAT = dwarf;
				ENABLE_STRICT_OBJC_MSGSEND = YES;
				ENABLE_TESTABILITY = YES;
				GCC_C_LANGUAGE_STANDARD = gnu11;
				GCC_DYNAMIC_NO_PIC = NO;
				GCC_NO_COMMON_BLOCKS = YES;
				GCC_OPTIMIZATION_LEVEL = 0;
				GCC_PREPROCESSOR_DEFINITIONS = (
					"DEBUG=1",
					"$(inherited)",
				);
				GCC_WARN_64_TO_32_BIT_CONVERSION = YES;
				GCC_WARN_ABOUT_RETURN_TYPE = YES_ERROR;
				GCC_WARN_UNDECLARED_SELECTOR = YES;
				GCC_WARN_UNINITIALIZED_AUTOS = YES_AGGRESSIVE;
				GCC_WARN_UNUSED_FUNCTION = YES;
				GCC_WARN_UNUSED_VARIABLE = YES;
				IPHONEOS_DEPLOYMENT_TARGET = 16.4;
				MTL_ENABLE_DEBUG_INFO = INCLUDE_SOURCE;
				MTL_FAST_MATH = YES;
				ONLY_ACTIVE_ARCH = YES;
				SDKROOT = iphoneos;
				SWIFT_ACTIVE_COMPILATION_CONDITIONS = DEBUG;
				SWIFT_OPTIMIZATION_LEVEL = "-Onone";
			};
			name = Debug;
		};
		C77BF5BD2A8669CF0077DFB7 /* Release */ = {
			isa = XCBuildConfiguration;
			buildSettings = {
				ALWAYS_SEARCH_USER_PATHS = NO;
				CLANG_ANALYZER_NONNULL = YES;
				CLANG_ANALYZER_NUMBER_OBJECT_CONVERSION = YES_AGGRESSIVE;
				CLANG_CXX_LANGUAGE_STANDARD = "gnu++20";
				CLANG_ENABLE_MODULES = YES;
				CLANG_ENABLE_OBJC_ARC = YES;
				CLANG_ENABLE_OBJC_WEAK = YES;
				CLANG_WARN_BLOCK_CAPTURE_AUTORELEASING = YES;
				CLANG_WARN_BOOL_CONVERSION = YES;
				CLANG_WARN_COMMA = YES;
				CLANG_WARN_CONSTANT_CONVERSION = YES;
				CLANG_WARN_DEPRECATED_OBJC_IMPLEMENTATIONS = YES;
				CLANG_WARN_DIRECT_OBJC_ISA_USAGE = YES_ERROR;
				CLANG_WARN_DOCUMENTATION_COMMENTS = YES;
				CLANG_WARN_EMPTY_BODY = YES;
				CLANG_WARN_ENUM_CONVERSION = YES;
				CLANG_WARN_INFINITE_RECURSION = YES;
				CLANG_WARN_INT_CONVERSION = YES;
				CLANG_WARN_NON_LITERAL_NULL_CONVERSION = YES;
				CLANG_WARN_OBJC_IMPLICIT_RETAIN_SELF = YES;
				CLANG_WARN_OBJC_LITERAL_CONVERSION = YES;
				CLANG_WARN_OBJC_ROOT_CLASS = YES_ERROR;
				CLANG_WARN_QUOTED_INCLUDE_IN_FRAMEWORK_HEADER = YES;
				CLANG_WARN_RANGE_LOOP_ANALYSIS = YES;
				CLANG_WARN_STRICT_PROTOTYPES = YES;
				CLANG_WARN_SUSPICIOUS_MOVE = YES;
				CLANG_WARN_UNGUARDED_AVAILABILITY = YES_AGGRESSIVE;
				CLANG_WARN_UNREACHABLE_CODE = YES;
				CLANG_WARN__DUPLICATE_METHOD_MATCH = YES;
				COPY_PHASE_STRIP = NO;
				DEBUG_INFORMATION_FORMAT = "dwarf-with-dsym";
				ENABLE_NS_ASSERTIONS = NO;
				ENABLE_STRICT_OBJC_MSGSEND = YES;
				GCC_C_LANGUAGE_STANDARD = gnu11;
				GCC_NO_COMMON_BLOCKS = YES;
				GCC_WARN_64_TO_32_BIT_CONVERSION = YES;
				GCC_WARN_ABOUT_RETURN_TYPE = YES_ERROR;
				GCC_WARN_UNDECLARED_SELECTOR = YES;
				GCC_WARN_UNINITIALIZED_AUTOS = YES_AGGRESSIVE;
				GCC_WARN_UNUSED_FUNCTION = YES;
				GCC_WARN_UNUSED_VARIABLE = YES;
				IPHONEOS_DEPLOYMENT_TARGET = 16.4;
				MTL_ENABLE_DEBUG_INFO = NO;
				MTL_FAST_MATH = YES;
				SDKROOT = iphoneos;
				SWIFT_COMPILATION_MODE = wholemodule;
				SWIFT_OPTIMIZATION_LEVEL = "-O";
				VALIDATE_PRODUCT = YES;
			};
			name = Release;
		};
		C77BF5BF2A8669CF0077DFB7 /* Debug */ = {
			isa = XCBuildConfiguration;
			buildSettings = {
				ASSETCATALOG_COMPILER_APPICON_NAME = AppIcon;
				ASSETCATALOG_COMPILER_GLOBAL_ACCENT_COLOR_NAME = AccentColor;
				CODE_SIGN_IDENTITY = "Apple Development";
				CODE_SIGN_STYLE = Automatic;
				CURRENT_PROJECT_VERSION = 1;
				DEVELOPMENT_TEAM = SBAHW5F54N;
				GENERATE_INFOPLIST_FILE = YES;
				INFOPLIST_FILE = TMDBMedia/Info.plist;
				INFOPLIST_KEY_NSLocationWhenInUseUsageDescription = "사용자의 위치정보를 수집합니다.";
				INFOPLIST_KEY_UIApplicationSupportsIndirectInputEvents = YES;
				INFOPLIST_KEY_UILaunchStoryboardName = LaunchScreen;
				INFOPLIST_KEY_UISupportedInterfaceOrientations_iPad = "UIInterfaceOrientationPortrait UIInterfaceOrientationPortraitUpsideDown UIInterfaceOrientationLandscapeLeft UIInterfaceOrientationLandscapeRight";
				INFOPLIST_KEY_UISupportedInterfaceOrientations_iPhone = "UIInterfaceOrientationPortrait UIInterfaceOrientationLandscapeLeft UIInterfaceOrientationLandscapeRight";
				LD_RUNPATH_SEARCH_PATHS = (
					"$(inherited)",
					"@executable_path/Frameworks",
				);
				MARKETING_VERSION = 1.0;
				PRODUCT_BUNDLE_IDENTIFIER = com.kimjunhwan.TMDBMedia;
				PRODUCT_NAME = "$(TARGET_NAME)";
				PROVISIONING_PROFILE_SPECIFIER = "";
				SWIFT_EMIT_LOC_STRINGS = YES;
				SWIFT_VERSION = 5.0;
				TARGETED_DEVICE_FAMILY = "1,2";
			};
			name = Debug;
		};
		C77BF5C02A8669CF0077DFB7 /* Release */ = {
			isa = XCBuildConfiguration;
			buildSettings = {
				ASSETCATALOG_COMPILER_APPICON_NAME = AppIcon;
				ASSETCATALOG_COMPILER_GLOBAL_ACCENT_COLOR_NAME = AccentColor;
				CODE_SIGN_IDENTITY = "Apple Development";
				CODE_SIGN_STYLE = Automatic;
				CURRENT_PROJECT_VERSION = 1;
				DEVELOPMENT_TEAM = SBAHW5F54N;
				GENERATE_INFOPLIST_FILE = YES;
				INFOPLIST_FILE = TMDBMedia/Info.plist;
				INFOPLIST_KEY_NSLocationWhenInUseUsageDescription = "사용자의 위치정보를 수집합니다.";
				INFOPLIST_KEY_UIApplicationSupportsIndirectInputEvents = YES;
				INFOPLIST_KEY_UILaunchStoryboardName = LaunchScreen;
				INFOPLIST_KEY_UISupportedInterfaceOrientations_iPad = "UIInterfaceOrientationPortrait UIInterfaceOrientationPortraitUpsideDown UIInterfaceOrientationLandscapeLeft UIInterfaceOrientationLandscapeRight";
				INFOPLIST_KEY_UISupportedInterfaceOrientations_iPhone = "UIInterfaceOrientationPortrait UIInterfaceOrientationLandscapeLeft UIInterfaceOrientationLandscapeRight";
				LD_RUNPATH_SEARCH_PATHS = (
					"$(inherited)",
					"@executable_path/Frameworks",
				);
				MARKETING_VERSION = 1.0;
				PRODUCT_BUNDLE_IDENTIFIER = com.kimjunhwan.TMDBMedia;
				PRODUCT_NAME = "$(TARGET_NAME)";
				PROVISIONING_PROFILE_SPECIFIER = "";
				SWIFT_EMIT_LOC_STRINGS = YES;
				SWIFT_VERSION = 5.0;
				TARGETED_DEVICE_FAMILY = "1,2";
			};
			name = Release;
		};
/* End XCBuildConfiguration section */

/* Begin XCConfigurationList section */
		C77BF5A52A8669CE0077DFB7 /* Build configuration list for PBXProject "TMDBMedia" */ = {
			isa = XCConfigurationList;
			buildConfigurations = (
				C77BF5BC2A8669CF0077DFB7 /* Debug */,
				C77BF5BD2A8669CF0077DFB7 /* Release */,
			);
			defaultConfigurationIsVisible = 0;
			defaultConfigurationName = Release;
		};
		C77BF5BE2A8669CF0077DFB7 /* Build configuration list for PBXNativeTarget "TMDBMedia" */ = {
			isa = XCConfigurationList;
			buildConfigurations = (
				C77BF5BF2A8669CF0077DFB7 /* Debug */,
				C77BF5C02A8669CF0077DFB7 /* Release */,
			);
			defaultConfigurationIsVisible = 0;
			defaultConfigurationName = Release;
		};
/* End XCConfigurationList section */

/* Begin XCRemoteSwiftPackageReference section */
		C72F29B82A872632009BE133 /* XCRemoteSwiftPackageReference "Alamofire" */ = {
			isa = XCRemoteSwiftPackageReference;
			repositoryURL = "https://github.com/Alamofire/Alamofire";
			requirement = {
				kind = upToNextMajorVersion;
				minimumVersion = 5.0.0;
			};
		};
		C72F2A772A95D90B009BE133 /* XCRemoteSwiftPackageReference "SnapKit" */ = {
			isa = XCRemoteSwiftPackageReference;
			repositoryURL = "https://github.com/SnapKit/SnapKit.git";
			requirement = {
				kind = upToNextMajorVersion;
				minimumVersion = 5.0.0;
			};
		};
/* End XCRemoteSwiftPackageReference section */

/* Begin XCSwiftPackageProductDependency section */
		C72F29B92A872632009BE133 /* Alamofire */ = {
			isa = XCSwiftPackageProductDependency;
			package = C72F29B82A872632009BE133 /* XCRemoteSwiftPackageReference "Alamofire" */;
			productName = Alamofire;
		};
		C72F2A782A95D90B009BE133 /* SnapKit */ = {
			isa = XCSwiftPackageProductDependency;
			package = C72F2A772A95D90B009BE133 /* XCRemoteSwiftPackageReference "SnapKit" */;
			productName = SnapKit;
		};
/* End XCSwiftPackageProductDependency section */
	};
	rootObject = C77BF5A22A8669CE0077DFB7 /* Project object */;
}
